
Microsoft Visual Studio Solution File, Format Version 12.00
# Visual Studio Version 17
VisualStudioVersion = 17.5.33414.496
MinimumVisualStudioVersion = 10.0.40219.1
Project("{FAE04EC0-301F-11D3-BF4B-00C04F79EFBC}") = "Entidades", "Entidades\Entidades.csproj", "{9944FB77-9778-4857-9F22-9332AD00734E}"
EndProject
Project("{FAE04EC0-301F-11D3-BF4B-00C04F79EFBC}") = "Test", "Test\Test.csproj", "{0C24791A-4F02-4435-96C2-B30F6502941E}"
EndProject
Global
	GlobalSection(SolutionConfigurationPlatforms) = preSolution
		Debug|Any CPU = Debug|Any CPU
		Release|Any CPU = Release|Any CPU
	EndGlobalSection
	GlobalSection(ProjectConfigurationPlatforms) = postSolution
		{9944FB77-9778-4857-9F22-9332AD00734E}.Debug|Any CPU.ActiveCfg = Debug|Any CPU
		{9944FB77-9778-4857-9F22-9332AD00734E}.Debug|Any CPU.Build.0 = Debug|Any CPU
		{9944FB77-9778-4857-9F22-9332AD00734E}.Release|Any CPU.ActiveCfg = Release|Any CPU
		{9944FB77-9778-4857-9F22-9332AD00734E}.Release|Any CPU.Build.0 = Release|Any CPU
		{0C24791A-4F02-4435-96C2-B30F6502941E}.Debug|Any CPU.ActiveCfg = Debug|Any CPU
		{0C24791A-4F02-4435-96C2-B30F6502941E}.Debug|Any CPU.Build.0 = Debug|Any CPU
		{0C24791A-4F02-4435-96C2-B30F6502941E}.Release|Any CPU.ActiveCfg = Release|Any CPU
		{0C24791A-4F02-4435-96C2-B30F6502941E}.Release|Any CPU.Build.0 = Release|Any CPU
	EndGlobalSection
	GlobalSection(SolutionProperties) = preSolution
		HideSolutionNode = FALSE
	EndGlobalSection
	GlobalSection(ExtensibilityGlobals) = postSolution
		SolutionGuid = {A616AAD6-3E18-41E9-96FD-4C7CC40950D8}
	EndGlobalSection
EndGlobal
